
Microsoft Visual Studio Solution File, Format Version 12.00
# Visual Studio Version 16
VisualStudioVersion = 16.0.29806.167
MinimumVisualStudioVersion = 10.0.40219.1
Project("{9A19103F-16F7-4668-BE54-9A1E7A4F7556}") = "ECommerce.Api.Products", "ECommerce.Api.Products\ECommerce.Api.Products.csproj", "{04EBC336-3CE9-4927-8F8D-67FAC8B341E7}"
EndProject
Project("{9A19103F-16F7-4668-BE54-9A1E7A4F7556}") = "ECommerce.Api.Customers", "ECommerce.Api.Customers\ECommerce.Api.Customers.csproj", "{069973BB-F313-48FC-AD60-FF76B1248EE5}"
EndProject
Project("{9A19103F-16F7-4668-BE54-9A1E7A4F7556}") = "ECommerce.Api.Orders", "ECommerce.Api.Orders\ECommerce.Api.Orders.csproj", "{950FA89C-A958-4794-AE0C-808FFF9F47FE}"
EndProject
Project("{9A19103F-16F7-4668-BE54-9A1E7A4F7556}") = "ECommerce.Api.Search", "ECommerce.Api.Search\ECommerce.Api.Search.csproj", "{B286C722-B6F0-4FF6-8904-EE669E9A5A6F}"
EndProject
Project("{9A19103F-16F7-4668-BE54-9A1E7A4F7556}") = "ECommerce.Api.Products.Tests", "ECommerce.Api.Products.Tests\ECommerce.Api.Products.Tests.csproj", "{35D4100A-53EA-4ED1-B167-EDF2C4BA7644}"
EndProject
Project("{E53339B2-1760-4266-BCC7-CA923CBCF16C}") = "docker-compose", "docker-compose.dcproj", "{AAF7A581-F50A-4802-A942-74832D7E5067}"
EndProject
Global
	GlobalSection(SolutionConfigurationPlatforms) = preSolution
		Debug|Any CPU = Debug|Any CPU
		Release|Any CPU = Release|Any CPU
	EndGlobalSection
	GlobalSection(ProjectConfigurationPlatforms) = postSolution
		{04EBC336-3CE9-4927-8F8D-67FAC8B341E7}.Debug|Any CPU.ActiveCfg = Debug|Any CPU
		{04EBC336-3CE9-4927-8F8D-67FAC8B341E7}.Debug|Any CPU.Build.0 = Debug|Any CPU
		{04EBC336-3CE9-4927-8F8D-67FAC8B341E7}.Release|Any CPU.ActiveCfg = Release|Any CPU
		{04EBC336-3CE9-4927-8F8D-67FAC8B341E7}.Release|Any CPU.Build.0 = Release|Any CPU
		{069973BB-F313-48FC-AD60-FF76B1248EE5}.Debug|Any CPU.ActiveCfg = Debug|Any CPU
		{069973BB-F313-48FC-AD60-FF76B1248EE5}.Debug|Any CPU.Build.0 = Debug|Any CPU
		{069973BB-F313-48FC-AD60-FF76B1248EE5}.Release|Any CPU.ActiveCfg = Release|Any CPU
		{069973BB-F313-48FC-AD60-FF76B1248EE5}.Release|Any CPU.Build.0 = Release|Any CPU
		{950FA89C-A958-4794-AE0C-808FFF9F47FE}.Debug|Any CPU.ActiveCfg = Debug|Any CPU
		{950FA89C-A958-4794-AE0C-808FFF9F47FE}.Debug|Any CPU.Build.0 = Debug|Any CPU
		{950FA89C-A958-4794-AE0C-808FFF9F47FE}.Release|Any CPU.ActiveCfg = Release|Any CPU
		{950FA89C-A958-4794-AE0C-808FFF9F47FE}.Release|Any CPU.Build.0 = Release|Any CPU
		{B286C722-B6F0-4FF6-8904-EE669E9A5A6F}.Debug|Any CPU.ActiveCfg = Debug|Any CPU
		{B286C722-B6F0-4FF6-8904-EE669E9A5A6F}.Debug|Any CPU.Build.0 = Debug|Any CPU
		{B286C722-B6F0-4FF6-8904-EE669E9A5A6F}.Release|Any CPU.ActiveCfg = Release|Any CPU
		{B286C722-B6F0-4FF6-8904-EE669E9A5A6F}.Release|Any CPU.Build.0 = Release|Any CPU
		{35D4100A-53EA-4ED1-B167-EDF2C4BA7644}.Debug|Any CPU.ActiveCfg = Debug|Any CPU
		{35D4100A-53EA-4ED1-B167-EDF2C4BA7644}.Debug|Any CPU.Build.0 = Debug|Any CPU
		{35D4100A-53EA-4ED1-B167-EDF2C4BA7644}.Release|Any CPU.ActiveCfg = Release|Any CPU
		{35D4100A-53EA-4ED1-B167-EDF2C4BA7644}.Release|Any CPU.Build.0 = Release|Any CPU
		{AAF7A581-F50A-4802-A942-74832D7E5067}.Debug|Any CPU.ActiveCfg = Debug|Any CPU
		{AAF7A581-F50A-4802-A942-74832D7E5067}.Debug|Any CPU.Build.0 = Debug|Any CPU
		{AAF7A581-F50A-4802-A942-74832D7E5067}.Release|Any CPU.ActiveCfg = Release|Any CPU
		{AAF7A581-F50A-4802-A942-74832D7E5067}.Release|Any CPU.Build.0 = Release|Any CPU
	EndGlobalSection
	GlobalSection(SolutionProperties) = preSolution
		HideSolutionNode = FALSE
	EndGlobalSection
	GlobalSection(ExtensibilityGlobals) = postSolution
		SolutionGuid = {5E46291C-4469-42F5-BF44-B9EDBFF2C219}
	EndGlobalSection
EndGlobal
